<?xml version="1.0" encoding="utf-8"?>
<Project ToolsVersion="4.0" xmlns="http://schemas.microsoft.com/developer/msbuild/2003">
  <ItemGroup>
    <Filter Include="Source Files">
      <UniqueIdentifier>{4FC737F1-C7A5-4376-A066-2A32D752A2FF}</UniqueIdentifier>
      <Extensions>cpp;c;cc;cxx;def;odl;idl;hpj;bat;asm;asmx</Extensions>
    </Filter>
    <Filter Include="Header Files">
      <UniqueIdentifier>{93995380-89BD-4b04-88EB-625FBE52EBFB}</UniqueIdentifier>
      <Extensions>h;hh;hpp;hxx;hm;inl;inc;xsd</Extensions>
    </Filter>
    <Filter Include="Resource Files">
      <UniqueIdentifier>{67DA6AB6-F800-4c08-8B7A-83BB121AAD01}</UniqueIdentifier>
      <Extensions>rc;ico;cur;bmp;dlg;rc2;rct;bin;rgs;gif;jpg;jpeg;jpe;resx;tiff;tif;png;wav;mfcribbon-ms</Extensions>
    </Filter>
  </ItemGroup>
  <ItemGroup>
    <Text Include="ReadMe.txt" />
  </ItemGroup>
  <ItemGroup>
    <ClInclude Include="..\..\bin\IAutomaton.h">
      <Filter>Header Files</Filter>
    </ClInclude>
    <ClInclude Include="..\..\bin\IFunction.h">
      <Filter>Header Files</Filter>
    </ClInclude>
    <ClInclude Include="..\..\bin\Pair.h">
      <Filter>Header Files</Filter>
    </ClInclude>
    <ClInclude Include="..\..\bin\Pair.hxx">
      <Filter>Header Files</Filter>
    </ClInclude>
    <ClInclude Include="..\..\bin\UnorderedMapFunction.h">
      <Filter>Header Files</Filter>
    </ClInclude>
    <ClInclude Include="..\..\bin\UnorderedMapFunction.hxx">
      <Filter>Header Files</Filter>
    </ClInclude>
    <ClInclude Include="..\..\bin\ArraySlice.h">
      <Filter>Header Files</Filter>
    </ClInclude>
    <ClInclude Include="..\..\bin\ArraySlice.hxx">
      <Filter>Header Files</Filter>
    </ClInclude>
    <ClInclude Include="..\..\bin\DFAutomaton.h">
      <Filter>Header Files</Filter>
    </ClInclude>
    <ClInclude Include="..\..\bin\DFAutomaton.hxx">
      <Filter>Header Files</Filter>
    </ClInclude>
    <ClInclude Include="..\..\bin\LinearSet.hxx">
      <Filter>Header Files</Filter>
    </ClInclude>
    <ClInclude Include="..\..\bin\NFAutomaton.h">
      <Filter>Header Files</Filter>
    </ClInclude>
    <ClInclude Include="..\..\bin\NFAutomaton.hxx">
      <Filter>Header Files</Filter>
    </ClInclude>
    <ClInclude Include="..\..\bin\LinearSet.h">
      <Filter>Header Files</Filter>
    </ClInclude>
  </ItemGroup>
  <ItemGroup>
    <ClCompile Include="Automata.cpp">
      <Filter>Source Files</Filter>
    </ClCompile>
  </ItemGroup>
  <ItemGroup>
    <Xml Include="..\..\bin\Automata.xml" />
  </ItemGroup>
</Project>